{
  "name": "frontend",
  "lockfileVersion": 2,
  "requires": true,
  "packages": {
    "": {
      "dependencies": {
        "@tommywalkie/ant-design-svelte": "^0.0.2"
      }
    },
    "node_modules/@tommywalkie/ant-design-svelte": {
      "version": "0.0.2",
      "resolved": "https://registry.npmjs.org/@tommywalkie/ant-design-svelte/-/ant-design-svelte-0.0.2.tgz",
      "integrity": "sha512-ocw+RpAAGrzSE/hyariUONgoF2vGIPFmBrwNL+luZOqTlfYlcUzXH7LGbGY0Q+bj9VlUicYN1hc/BfTfmn0kqA==",
      "peerDependencies": {
        "svelte": "^3.29.7"
      }
    },
    "node_modules/svelte": {
      "version": "3.59.2",
      "resolved": "https://registry.npmjs.org/svelte/-/svelte-3.59.2.tgz",
      "integrity": "sha512-vzSyuGr3eEoAtT/A6bmajosJZIUWySzY2CzB3w2pgPvnkUjGqlDnsNnA0PMO+mMAhuyMul6C2uuZzY6ELSkzyA==",
      "peer": true,
      "engines": {
        "node": ">= 8"
      }
    }
  },
  "dependencies": {
    "@tommywalkie/ant-design-svelte": {
      "version": "0.0.2",
      "resolved": "https://registry.npmjs.org/@tommywalkie/ant-design-svelte/-/ant-design-svelte-0.0.2.tgz",
      "integrity": "sha512-ocw+RpAAGrzSE/hyariUONgoF2vGIPFmBrwNL+luZOqTlfYlcUzXH7LGbGY0Q+bj9VlUicYN1hc/BfTfmn0kqA==",
      "requires": {}
    },
    "svelte": {
      "version": "3.59.2",
      "resolved": "https://registry.npmjs.org/svelte/-/svelte-3.59.2.tgz",
      "integrity": "sha512-vzSyuGr3eEoAtT/A6bmajosJZIUWySzY2CzB3w2pgPvnkUjGqlDnsNnA0PMO+mMAhuyMul6C2uuZzY6ELSkzyA==",
      "peer": true
    }
  }
}
